
Microsoft Visual Studio Solution File, Format Version 12.00
# Visual Studio Version 16
VisualStudioVersion = 16.0.29905.134
MinimumVisualStudioVersion = 10.0.40219.1
Project("{FAE04EC0-301F-11D3-BF4B-00C04F79EFBC}") = "Odev2_SayiTahminiOyunu", "Odev2_SayiTahminiOyunu\Odev2_SayiTahminiOyunu.csproj", "{D3DB580F-2E2C-4C51-93C6-E273CC98754A}"
EndProject
Global
	GlobalSection(SolutionConfigurationPlatforms) = preSolution
		Debug|Any CPU = Debug|Any CPU
		Release|Any CPU = Release|Any CPU
	EndGlobalSection
	GlobalSection(ProjectConfigurationPlatforms) = postSolution
		{D3DB580F-2E2C-4C51-93C6-E273CC98754A}.Debug|Any CPU.ActiveCfg = Debug|Any CPU
		{D3DB580F-2E2C-4C51-93C6-E273CC98754A}.Debug|Any CPU.Build.0 = Debug|Any CPU
		{D3DB580F-2E2C-4C51-93C6-E273CC98754A}.Release|Any CPU.ActiveCfg = Release|Any CPU
		{D3DB580F-2E2C-4C51-93C6-E273CC98754A}.Release|Any CPU.Build.0 = Release|Any CPU
	EndGlobalSection
	GlobalSection(SolutionProperties) = preSolution
		HideSolutionNode = FALSE
	EndGlobalSection
	GlobalSection(ExtensibilityGlobals) = postSolution
		SolutionGuid = {AEF632B3-295C-47A2-87AD-700CD058A0B1}
	EndGlobalSection
EndGlobal
